lockfileVersion: '6.0'

settings:
  autoInstallPeers: true
  excludeLinksFromLockfile: false

devDependencies:
  nuekit:
    specifier: 0.5.1
    version: 0.5.1

packages:

  /argparse@2.0.1:
    resolution: {integrity: sha512-8+9WqebbFzpX9OR+Wa6O29asIogeRMzcGtAINdpMHHyAg10f05aSFVBbcEqGf/PXw1EjAZ+q2/bEBg3DvurK3Q==}
    dev: true

  /detect-libc@1.0.3:
    resolution: {integrity: sha512-pGjwhsmsp4kL2RTz08wcOlGN83otlqHeD/Z5T8GXZB+/YcpQ/dgo+lbU8ZsGxV0HIvqqxo9l7mqYwyYMD9bKDg==}
    engines: {node: '>=0.10'}
    hasBin: true
    dev: true

  /diff-dom@5.1.2:
    resolution: {integrity: sha512-ayOX+pBYzyLdt7iXFd+8jvWzhrcWk+9gQqYk7Zz8/0hpIsqSbtk6MNbtds+Ox6B8ONsdtIcfPmk3NXPdgb3+xQ==}
    dev: true

  /dom-serializer@2.0.0:
    resolution: {integrity: sha512-wIkAryiqt/nV5EQKqQpo3SToSOV9J0DnbJqwK7Wv/Trc92zIAYZ4FlMu+JPFW1DfGFt81ZTCGgDEabffXeLyJg==}
    dependencies:
      domelementtype: 2.3.0
      domhandler: 5.0.3
      entities: 4.5.0
    dev: true

  /domelementtype@2.3.0:
    resolution: {integrity: sha512-OLETBj6w0OsagBwdXnPdN0cnMfF9opN69co+7ZrbfPGrdpPVNBUj02spi6B1N7wChLQiPn4CSH/zJvXw56gmHw==}
    dev: true

  /domhandler@5.0.3:
    resolution: {integrity: sha512-cgwlv/1iFQiFnU96XXgROh8xTeetsnJiDsTc7TYCLFd9+/WNkIqPTxiM/8pSd8VIrhXGTf1Ny1q1hquVqDJB5w==}
    engines: {node: '>= 4'}
    dependencies:
      domelementtype: 2.3.0
    dev: true

  /domutils@3.1.0:
    resolution: {integrity: sha512-H78uMmQtI2AhgDJjWeQmHwJJ2bLPD3GMmO7Zja/ZZh84wkm+4ut+IUnUdRa8uCGX88DiVx1j6FRe1XfxEgjEZA==}
    dependencies:
      dom-serializer: 2.0.0
      domelementtype: 2.3.0
      domhandler: 5.0.3
    dev: true

  /entities@4.5.0:
    resolution: {integrity: sha512-V0hjH4dGPh9Ao5p0MoRY6BVqtwCjhz6vI5LT8AJ55H+4g9/4vbHx1I54fS0XuclLhDHArPQCiMjDxjaL8fPxhw==}
    engines: {node: '>=0.12'}
    dev: true

  /es-main@1.3.0:
    resolution: {integrity: sha512-AzORKdz1Zt97TzbYQnIrI3ZiibWpRXUfpo/w0xOJ20GpNYd2bd3MU9m31zS/aJ1TJl6JfLTok83Y8HjNunYT0A==}
    dev: true

  /htmlparser2@9.1.0:
    resolution: {integrity: sha512-5zfg6mHUoaer/97TxnGpxmbR7zJtPwIYFMZ/H5ucTlPZhKvtum05yiPK3Mgai3a0DyVxv7qYqoweaEd2nrYQzQ==}
    dependencies:
      domelementtype: 2.3.0
      domhandler: 5.0.3
      domutils: 3.1.0
      entities: 4.5.0
    dev: true

  /import-meta-resolve@4.0.0:
    resolution: {integrity: sha512-okYUR7ZQPH+efeuMJGlq4f8ubUgO50kByRPyt/Cy1Io4PSRsPjxME+YlVaCOx+NIToW7hCsZNFJyTPFFKepRSA==}
    dev: true

  /js-yaml@4.1.0:
    resolution: {integrity: sha512-wpxZs9NoxZaJESJGIZTyDEaYpl0FKSA+FB9aJiyemKhMwkxQg63h4T1KJgUGHpTqPDNRcmmYLugrRjJlBtWvRA==}
    hasBin: true
    dependencies:
      argparse: 2.0.1
    dev: true

  /lightningcss-darwin-arm64@1.24.1:
    resolution: {integrity: sha512-1jQ12jBy+AE/73uGQWGSafK5GoWgmSiIQOGhSEXiFJSZxzV+OXIx+a9h2EYHxdJfX864M+2TAxWPWb0Vv+8y4w==}
    engines: {node: '>= 12.0.0'}
    cpu: [arm64]
    os: [darwin]
    requiresBuild: true
    dev: true
    optional: true

  /lightningcss-darwin-x64@1.24.1:
    resolution: {integrity: sha512-R4R1d7VVdq2mG4igMU+Di8GPf0b64ZLnYVkubYnGG0Qxq1KaXQtAzcLI43EkpnoWvB/kUg8JKCWH4S13NfiLcQ==}
    engines: {node: '>= 12.0.0'}
    cpu: [x64]
    os: [darwin]
    requiresBuild: true
    dev: true
    optional: true

  /lightningcss-freebsd-x64@1.24.1:
    resolution: {integrity: sha512-z6NberUUw5ALES6Ixn2shmjRRrM1cmEn1ZQPiM5IrZ6xHHL5a1lPin9pRv+w6eWfcrEo+qGG6R9XfJrpuY3e4g==}
    engines: {node: '>= 12.0.0'}
    cpu: [x64]
    os: [freebsd]
    requiresBuild: true
    dev: true
    optional: true

  /lightningcss-linux-arm-gnueabihf@1.24.1:
    resolution: {integrity: sha512-NLQLnBQW/0sSg74qLNI8F8QKQXkNg4/ukSTa+XhtkO7v3BnK19TS1MfCbDHt+TTdSgNEBv0tubRuapcKho2EWw==}
    engines: {node: '>= 12.0.0'}
    cpu: [arm]
    os: [linux]
    requiresBuild: true
    dev: true
    optional: true

  /lightningcss-linux-arm64-gnu@1.24.1:
    resolution: {integrity: sha512-AQxWU8c9E9JAjAi4Qw9CvX2tDIPjgzCTrZCSXKELfs4mCwzxRkHh2RCxX8sFK19RyJoJAjA/Kw8+LMNRHS5qEg==}
    engines: {node: '>= 12.0.0'}
    cpu: [arm64]
    os: [linux]
    requiresBuild: true
    dev: true
    optional: true

  /lightningcss-linux-arm64-musl@1.24.1:
    resolution: {integrity: sha512-JCgH/SrNrhqsguUA0uJUM1PvN5+dVuzPIlXcoWDHSv2OU/BWlj2dUYr3XNzEw748SmNZPfl2NjQrAdzaPOn1lA==}
    engines: {node: '>= 12.0.0'}
    cpu: [arm64]
    os: [linux]
    requiresBuild: true
    dev: true
    optional: true

  /lightningcss-linux-x64-gnu@1.24.1:
    resolution: {integrity: sha512-TYdEsC63bHV0h47aNRGN3RiK7aIeco3/keN4NkoSQ5T8xk09KHuBdySltWAvKLgT8JvR+ayzq8ZHnL1wKWY0rw==}
    engines: {node: '>= 12.0.0'}
    cpu: [x64]
    os: [linux]
    requiresBuild: true
    dev: true
    optional: true

  /lightningcss-linux-x64-musl@1.24.1:
    resolution: {integrity: sha512-HLfzVik3RToot6pQ2Rgc3JhfZkGi01hFetHt40HrUMoeKitLoqUUT5owM6yTZPTytTUW9ukLBJ1pc3XNMSvlLw==}
    engines: {node: '>= 12.0.0'}
    cpu: [x64]
    os: [linux]
    requiresBuild: true
    dev: true
    optional: true

  /lightningcss-win32-x64-msvc@1.24.1:
    resolution: {integrity: sha512-joEupPjYJ7PjZtDsS5lzALtlAudAbgIBMGJPNeFe5HfdmJXFd13ECmEM+5rXNxYVMRHua2w8132R6ab5Z6K9Ow==}
    engines: {node: '>= 12.0.0'}
    cpu: [x64]
    os: [win32]
    requiresBuild: true
    dev: true
    optional: true

  /lightningcss@1.24.1:
    resolution: {integrity: sha512-kUpHOLiH5GB0ERSv4pxqlL0RYKnOXtgGtVe7shDGfhS0AZ4D1ouKFYAcLcZhql8aMspDNzaUCumGHZ78tb2fTg==}
    engines: {node: '>= 12.0.0'}
    dependencies:
      detect-libc: 1.0.3
    optionalDependencies:
      lightningcss-darwin-arm64: 1.24.1
      lightningcss-darwin-x64: 1.24.1
      lightningcss-freebsd-x64: 1.24.1
      lightningcss-linux-arm-gnueabihf: 1.24.1
      lightningcss-linux-arm64-gnu: 1.24.1
      lightningcss-linux-arm64-musl: 1.24.1
      lightningcss-linux-x64-gnu: 1.24.1
      lightningcss-linux-x64-musl: 1.24.1
      lightningcss-win32-x64-msvc: 1.24.1
    dev: true

  /marked@9.1.6:
    resolution: {integrity: sha512-jcByLnIFkd5gSXZmjNvS1TlmRhCXZjIzHYlaGkPlLIekG55JDR2Z4va9tZwCiP+/RDERiNhMOFu01xd6O5ct1Q==}
    engines: {node: '>= 16'}
    hasBin: true
    dev: true

  /nue-glow@0.1.3:
    resolution: {integrity: sha512-XZDk/2zaJ1wODEXsKpSQN54W1uHPovqB70bEAbAAlPfpUtJsH/AynAHYX26MYsNWxFrFUCr2BIY4fVHJXSGJXA==}
    engines: {bun: '>= 1', node: '>= 18'}
    dev: true

  /nuejs-core@0.4.0:
    resolution: {integrity: sha512-chAjj7U3DpEzHN3ztPlkIC3Vzdb1MDRuCgwxNEMiOW6BUdlefKTlDdCN22cJ1iipFncjrATo2RRvGaT8q5g8Kg==}
    engines: {bun: '>= 1', node: '>= 18'}
    dependencies:
      htmlparser2: 9.1.0
    dev: true

  /nuekit@0.5.1:
    resolution: {integrity: sha512-/N7ytvR+7Oytd1r9U8VIc4v/U+Z/rBYqq1Q8jf5eyLgOXcNnd2NZMa1M6sUNJ5NlGBSQSpbh/SF4eY5L/e0OOQ==}
    engines: {bun: '>= 1', node: '>= 18'}
    hasBin: true
    dependencies:
      diff-dom: 5.1.2
      es-main: 1.3.0
      import-meta-resolve: 4.0.0
      js-yaml: 4.1.0
      lightningcss: 1.24.1
      nue-glow: 0.1.3
      nuejs-core: 0.4.0
      nuemark: 0.3.1
    dev: true

  /nuemark@0.3.1:
    resolution: {integrity: sha512-d7O0Om5MU8/E5yeJ6W2m/ldPq/vMjwJxZeuySy5QPlMCIxAaejYEW2gYYRdEEE5GcGw61Lr3gCfk+DZ3jN9eVw==}
    dependencies:
      js-yaml: 4.1.0
      marked: 9.1.6
      nue-glow: 0.1.3
    dev: true
